// !$*UTF8*$!
{
	archiveVersion = 1;
	classes = {
	};
	objectVersion = 46;
	objects = {

/* Begin PBXBuildFile section */
		49047A64162F00940056E82F /* CPR Instruction Video.mov in Resources */ = {isa = PBXBuildFile; fileRef = 49047A63162F00940056E82F /* CPR Instruction Video.mov */; };
		49047A66162F01540056E82F /* MediaPlayer.framework in Frameworks */ = {isa = PBXBuildFile; fileRef = 49047A65162F01540056E82F /* MediaPlayer.framework */; };
		49047A68162F04320056E82F /* AVFoundation.framework in Frameworks */ = {isa = PBXBuildFile; fileRef = 49047A67162F04320056E82F /* AVFoundation.framework */; };
		4934FBBF162F108000A61309 /* CrisisModeViewController.m in Sources */ = {isa = PBXBuildFile; fileRef = 4934FBBE162F108000A61309 /* CrisisModeViewController.m */; };
		4965E6F716543CE0007DFFEE /* TrainingModeViewController.m in Sources */ = {isa = PBXBuildFile; fileRef = 4965E6F616543CE0007DFFEE /* TrainingModeViewController.m */; };
		4965E6FD16543DD6007DFFEE /* TrainingModeStep5Video.mov in Resources */ = {isa = PBXBuildFile; fileRef = 4965E6F816543DD6007DFFEE /* TrainingModeStep5Video.mov */; };
		4965E6FE16543DD6007DFFEE /* TrainingModeStep1Video.mov in Resources */ = {isa = PBXBuildFile; fileRef = 4965E6F916543DD6007DFFEE /* TrainingModeStep1Video.mov */; };
		4965E6FF16543DD6007DFFEE /* TrainingModeStep4Video.mov in Resources */ = {isa = PBXBuildFile; fileRef = 4965E6FA16543DD6007DFFEE /* TrainingModeStep4Video.mov */; };
		4965E70016543DD6007DFFEE /* TrainingModeStep2Video.mov in Resources */ = {isa = PBXBuildFile; fileRef = 4965E6FB16543DD6007DFFEE /* TrainingModeStep2Video.mov */; };
		4965E70116543DD6007DFFEE /* TrainingModeStep3Video.mov in Resources */ = {isa = PBXBuildFile; fileRef = 4965E6FC16543DD6007DFFEE /* TrainingModeStep3Video.mov */; };
		49782C88161F78DA0086933D /* Duke_Hospital_Logo.png in Resources */ = {isa = PBXBuildFile; fileRef = 49782C87161F78DA0086933D /* Duke_Hospital_Logo.png */; };
		49E3ADCE162F45EC001CA109 /* Ken-Jeong-Video.mov in Resources */ = {isa = PBXBuildFile; fileRef = 49E3ADCD162F45EC001CA109 /* Ken-Jeong-Video.mov */; };
		FA292D0F16177508001C1F9B /* UIKit.framework in Frameworks */ = {isa = PBXBuildFile; fileRef = FA292D0E16177508001C1F9B /* UIKit.framework */; };
		FA292D1116177508001C1F9B /* Foundation.framework in Frameworks */ = {isa = PBXBuildFile; fileRef = FA292D1016177508001C1F9B /* Foundation.framework */; };
		FA292D1316177508001C1F9B /* CoreGraphics.framework in Frameworks */ = {isa = PBXBuildFile; fileRef = FA292D1216177508001C1F9B /* CoreGraphics.framework */; };
		FA292D1916177508001C1F9B /* InfoPlist.strings in Resources */ = {isa = PBXBuildFile; fileRef = FA292D1716177508001C1F9B /* InfoPlist.strings */; };
		FA292D1B16177508001C1F9B /* main.m in Sources */ = {isa = PBXBuildFile; fileRef = FA292D1A16177508001C1F9B /* main.m */; };
		FA292D1F16177508001C1F9B /* AppDelegate.m in Sources */ = {isa = PBXBuildFile; fileRef = FA292D1E16177508001C1F9B /* AppDelegate.m */; };
		FA292D2116177508001C1F9B /* Default.png in Resources */ = {isa = PBXBuildFile; fileRef = FA292D2016177508001C1F9B /* Default.png */; };
		FA292D2316177508001C1F9B /* Default@2x.png in Resources */ = {isa = PBXBuildFile; fileRef = FA292D2216177508001C1F9B /* Default@2x.png */; };
		FA292D2516177508001C1F9B /* Default-568h@2x.png in Resources */ = {isa = PBXBuildFile; fileRef = FA292D2416177508001C1F9B /* Default-568h@2x.png */; };
		FA292D2816177508001C1F9B /* MainStoryboard.storyboard in Resources */ = {isa = PBXBuildFile; fileRef = FA292D2616177508001C1F9B /* MainStoryboard.storyboard */; };
		FA292D2B16177508001C1F9B /* AdditionalDataViewController.m in Sources */ = {isa = PBXBuildFile; fileRef = FA292D2A16177508001C1F9B /* AdditionalDataViewController.m */; };
		FA292D33161776B7001C1F9B /* HomeViewController.m in Sources */ = {isa = PBXBuildFile; fileRef = FA292D32161776B7001C1F9B /* HomeViewController.m */; };
		FA411E40163C805A0062F0E9 /* WebsiteViewController.m in Sources */ = {isa = PBXBuildFile; fileRef = FA411E3F163C805A0062F0E9 /* WebsiteViewController.m */; };
		FA8B0611163C8DC800E12EFD /* VideoPlayerViewController.m in Sources */ = {isa = PBXBuildFile; fileRef = FA8B0610163C8DC800E12EFD /* VideoPlayerViewController.m */; };
		FA8B0616163C90F700E12EFD /* duke-logo.png in Resources */ = {isa = PBXBuildFile; fileRef = FA8B0615163C90F700E12EFD /* duke-logo.png */; };
		FA8B0618163C910500E12EFD /* duke-logo.png in Resources */ = {isa = PBXBuildFile; fileRef = FA8B0617163C910500E12EFD /* duke-logo.png */; };
		FA8B061A163C914000E12EFD /* duke-logo-retina.png in Resources */ = {isa = PBXBuildFile; fileRef = FA8B0619163C914000E12EFD /* duke-logo-retina.png */; };
		FA8B061C163C914600E12EFD /* duke-logo-retina.png in Resources */ = {isa = PBXBuildFile; fileRef = FA8B061B163C914600E12EFD /* duke-logo-retina.png */; };
		FA8B061E163C916B00E12EFD /* Default.png in Resources */ = {isa = PBXBuildFile; fileRef = FA8B061D163C916B00E12EFD /* Default.png */; };
		FA8B0620163C918100E12EFD /* Default@2x.png in Resources */ = {isa = PBXBuildFile; fileRef = FA8B061F163C918100E12EFD /* Default@2x.png */; };
		FA8B0622163C918900E12EFD /* Default-568h@2x.png in Resources */ = {isa = PBXBuildFile; fileRef = FA8B0621163C918900E12EFD /* Default-568h@2x.png */; };
		FA8B0624163C921D00E12EFD /* abstract-blue-background.jpg in Resources */ = {isa = PBXBuildFile; fileRef = FA8B0623163C921D00E12EFD /* abstract-blue-background.jpg */; };
		FA8B062C163C93EC00E12EFD /* 3d-blue-fractal_422_1417.jpg in Resources */ = {isa = PBXBuildFile; fileRef = FA8B062B163C93EC00E12EFD /* 3d-blue-fractal_422_1417.jpg */; };
		FA95578616177B14002BBEAC /* Duke.logo.jpeg in Resources */ = {isa = PBXBuildFile; fileRef = FA95578416177B14002BBEAC /* Duke.logo.jpeg */; };
		FA95578716177B14002BBEAC /* duke_blue.png in Resources */ = {isa = PBXBuildFile; fileRef = FA95578516177B14002BBEAC /* duke_blue.png */; };
		FA95578B161784D2002BBEAC /* CrisisStageOneViewController.m in Sources */ = {isa = PBXBuildFile; fileRef = FA95578A161784D2002BBEAC /* CrisisStageOneViewController.m */; };
		FA95578E16178F69002BBEAC /* GenericViewController.m in Sources */ = {isa = PBXBuildFile; fileRef = FA95578D16178F69002BBEAC /* GenericViewController.m */; };
		FA9557911617918C002BBEAC /* CrisisStageTwoViewController.m in Sources */ = {isa = PBXBuildFile; fileRef = FA9557901617918C002BBEAC /* CrisisStageTwoViewController.m */; };
		FA95579416179B5F002BBEAC /* CrisisStageThreeViewController.m in Sources */ = {isa = PBXBuildFile; fileRef = FA95579316179B5F002BBEAC /* CrisisStageThreeViewController.m */; };
		FA95579716179BD9002BBEAC /* CrisisStageFourViewController.m in Sources */ = {isa = PBXBuildFile; fileRef = FA95579616179BD9002BBEAC /* CrisisStageFourViewController.m */; };
		FA95579D16179E16002BBEAC /* CrisisStageFiveViewController.m in Sources */ = {isa = PBXBuildFile; fileRef = FA95579C16179E16002BBEAC /* CrisisStageFiveViewController.m */; };
		FA9557A016179E3A002BBEAC /* CrisisStageSixViewController.m in Sources */ = {isa = PBXBuildFile; fileRef = FA95579F16179E39002BBEAC /* CrisisStageSixViewController.m */; };
		FA9557A31617AF15002BBEAC /* QuartzCore.framework in Frameworks */ = {isa = PBXBuildFile; fileRef = FA9557A21617AF15002BBEAC /* QuartzCore.framework */; };
		FA97ACDF1653D8030035405A /* TrainingModeStep1ViewController.m in Sources */ = {isa = PBXBuildFile; fileRef = FA97ACDE1653D8030035405A /* TrainingModeStep1ViewController.m */; };
		FA97ACE21653D8210035405A /* TrainingModeStep2ViewController.m in Sources */ = {isa = PBXBuildFile; fileRef = FA97ACE11653D8210035405A /* TrainingModeStep2ViewController.m */; };
		FA97ACE51653D8330035405A /* TrainingModeStep3ViewController.m in Sources */ = {isa = PBXBuildFile; fileRef = FA97ACE41653D8330035405A /* TrainingModeStep3ViewController.m */; };
		FA97ACE81653D8470035405A /* TrainingModeStep4ViewController.m in Sources */ = {isa = PBXBuildFile; fileRef = FA97ACE71653D8470035405A /* TrainingModeStep4ViewController.m */; };
		FA97ACEB1653D8560035405A /* TrainingModeStep5ViewController.m in Sources */ = {isa = PBXBuildFile; fileRef = FA97ACEA1653D8560035405A /* TrainingModeStep5ViewController.m */; };
		FA97ACEE1653D8660035405A /* TrainingModeStep6ViewController.m in Sources */ = {isa = PBXBuildFile; fileRef = FA97ACED1653D8660035405A /* TrainingModeStep6ViewController.m */; };
		FAA906FF162F333700602572 /* AED.jpeg in Resources */ = {isa = PBXBuildFile; fileRef = FAA906FE162F333700602572 /* AED.jpeg */; };
		FAA90702162F387100602572 /* BLS-Check-for-response.jpeg in Resources */ = {isa = PBXBuildFile; fileRef = FAA90701162F387100602572 /* BLS-Check-for-response.jpeg */; };
		FAA90704162F3B7500602572 /* large_car-accident.jpeg in Resources */ = {isa = PBXBuildFile; fileRef = FAA90703162F3B7500602572 /* large_car-accident.jpeg */; };
		FAA90706162F3CC400602572 /* Handtochestoverheart.jpeg in Resources */ = {isa = PBXBuildFile; fileRef = FAA90705162F3CC400602572 /* Handtochestoverheart.jpeg */; };
		FAF8E23A162F413A00996B71 /* StageOneVoiceCommands.mp3 in Resources */ = {isa = PBXBuildFile; fileRef = 4934FBC4162F39C000A61309 /* StageOneVoiceCommands.mp3 */; };
		FAF8E23B162F413A00996B71 /* StageTwoVoiceCommands.mp3 in Resources */ = {isa = PBXBuildFile; fileRef = 4934FBC6162F3A9800A61309 /* StageTwoVoiceCommands.mp3 */; };
		FAF8E23C162F413A00996B71 /* StageThreeVoiceCommands.mp3 in Resources */ = {isa = PBXBuildFile; fileRef = 4934FBC7162F3A9800A61309 /* StageThreeVoiceCommands.mp3 */; };
		FAF8E23D162F413A00996B71 /* StageFourVoiceCommands.mp3 in Resources */ = {isa = PBXBuildFile; fileRef = 4934FBC8162F3A9800A61309 /* StageFourVoiceCommands.mp3 */; };
		FAF8E23E162F413A00996B71 /* StageFiveVoiceCommands.mp3 in Resources */ = {isa = PBXBuildFile; fileRef = 4934FBC9162F3A9800A61309 /* StageFiveVoiceCommands.mp3 */; };
		FAF8E23F162F413A00996B71 /* StageSixVoiceCommands.mp3 in Resources */ = {isa = PBXBuildFile; fileRef = 4934FBCA162F3A9800A61309 /* StageSixVoiceCommands.mp3 */; };
		FAF8E242162F426500996B71 /* funny_cartoon_zombie1.jpeg in Resources */ = {isa = PBXBuildFile; fileRef = FAF8E241162F426500996B71 /* funny_cartoon_zombie1.jpeg */; };
/* End PBXBuildFile section */

/* Begin PBXFileReference section */
		49047A63162F00940056E82F /* CPR Instruction Video.mov */ = {isa = PBXFileReference; lastKnownFileType = video.quicktime; path = "CPR Instruction Video.mov"; sourceTree = "<group>"; };
		49047A65162F01540056E82F /* MediaPlayer.framework */ = {isa = PBXFileReference; lastKnownFileType = wrapper.framework; name = MediaPlayer.framework; path = System/Library/Frameworks/MediaPlayer.framework; sourceTree = SDKROOT; };
		49047A67162F04320056E82F /* AVFoundation.framework */ = {isa = PBXFileReference; lastKnownFileType = wrapper.framework; name = AVFoundation.framework; path = System/Library/Frameworks/AVFoundation.framework; sourceTree = SDKROOT; };
		4934FBBD162F108000A61309 /* CrisisModeViewController.h */ = {isa = PBXFileReference; fileEncoding = 4; lastKnownFileType = sourcecode.c.h; path = CrisisModeViewController.h; sourceTree = "<group>"; };
		4934FBBE162F108000A61309 /* CrisisModeViewController.m */ = {isa = PBXFileReference; fileEncoding = 4; lastKnownFileType = sourcecode.c.objc; path = CrisisModeViewController.m; sourceTree = "<group>"; };
		4934FBC4162F39C000A61309 /* StageOneVoiceCommands.mp3 */ = {isa = PBXFileReference; lastKnownFileType = audio.mp3; path = StageOneVoiceCommands.mp3; sourceTree = "<group>"; };
		4934FBC6162F3A9800A61309 /* StageTwoVoiceCommands.mp3 */ = {isa = PBXFileReference; lastKnownFileType = audio.mp3; path = StageTwoVoiceCommands.mp3; sourceTree = "<group>"; };
		4934FBC7162F3A9800A61309 /* StageThreeVoiceCommands.mp3 */ = {isa = PBXFileReference; lastKnownFileType = audio.mp3; path = StageThreeVoiceCommands.mp3; sourceTree = "<group>"; };
		4934FBC8162F3A9800A61309 /* StageFourVoiceCommands.mp3 */ = {isa = PBXFileReference; lastKnownFileType = audio.mp3; path = StageFourVoiceCommands.mp3; sourceTree = "<group>"; };
		4934FBC9162F3A9800A61309 /* StageFiveVoiceCommands.mp3 */ = {isa = PBXFileReference; lastKnownFileType = audio.mp3; path = StageFiveVoiceCommands.mp3; sourceTree = "<group>"; };
		4934FBCA162F3A9800A61309 /* StageSixVoiceCommands.mp3 */ = {isa = PBXFileReference; lastKnownFileType = audio.mp3; path = StageSixVoiceCommands.mp3; sourceTree = "<group>"; };
		4965E6F516543CE0007DFFEE /* TrainingModeViewController.h */ = {isa = PBXFileReference; fileEncoding = 4; lastKnownFileType = sourcecode.c.h; path = TrainingModeViewController.h; sourceTree = "<group>"; };
		4965E6F616543CE0007DFFEE /* TrainingModeViewController.m */ = {isa = PBXFileReference; fileEncoding = 4; lastKnownFileType = sourcecode.c.objc; path = TrainingModeViewController.m; sourceTree = "<group>"; };
		4965E6F816543DD6007DFFEE /* TrainingModeStep5Video.mov */ = {isa = PBXFileReference; lastKnownFileType = video.quicktime; path = TrainingModeStep5Video.mov; sourceTree = "<group>"; };
		4965E6F916543DD6007DFFEE /* TrainingModeStep1Video.mov */ = {isa = PBXFileReference; lastKnownFileType = video.quicktime; path = TrainingModeStep1Video.mov; sourceTree = "<group>"; };
		4965E6FA16543DD6007DFFEE /* TrainingModeStep4Video.mov */ = {isa = PBXFileReference; lastKnownFileType = video.quicktime; path = TrainingModeStep4Video.mov; sourceTree = "<group>"; };
		4965E6FB16543DD6007DFFEE /* TrainingModeStep2Video.mov */ = {isa = PBXFileReference; lastKnownFileType = video.quicktime; path = TrainingModeStep2Video.mov; sourceTree = "<group>"; };
		4965E6FC16543DD6007DFFEE /* TrainingModeStep3Video.mov */ = {isa = PBXFileReference; lastKnownFileType = video.quicktime; path = TrainingModeStep3Video.mov; sourceTree = "<group>"; };
		49782C87161F78DA0086933D /* Duke_Hospital_Logo.png */ = {isa = PBXFileReference; lastKnownFileType = image.png; path = Duke_Hospital_Logo.png; sourceTree = "<group>"; };
		49E3ADCD162F45EC001CA109 /* Ken-Jeong-Video.mov */ = {isa = PBXFileReference; lastKnownFileType = video.quicktime; path = "Ken-Jeong-Video.mov"; sourceTree = "<group>"; };
		FA292D0A16177508001C1F9B /* Compression-Only CPR.app */ = {isa = PBXFileReference; explicitFileType = wrapper.application; includeInIndex = 0; path = "Compression-Only CPR.app"; sourceTree = BUILT_PRODUCTS_DIR; };
		FA292D0E16177508001C1F9B /* UIKit.framework */ = {isa = PBXFileReference; lastKnownFileType = wrapper.framework; name = UIKit.framework; path = System/Library/Frameworks/UIKit.framework; sourceTree = SDKROOT; };
		FA292D1016177508001C1F9B /* Foundation.framework */ = {isa = PBXFileReference; lastKnownFileType = wrapper.framework; name = Foundation.framework; path = System/Library/Frameworks/Foundation.framework; sourceTree = SDKROOT; };
		FA292D1216177508001C1F9B /* CoreGraphics.framework */ = {isa = PBXFileReference; lastKnownFileType = wrapper.framework; name = CoreGraphics.framework; path = System/Library/Frameworks/CoreGraphics.framework; sourceTree = SDKROOT; };
		FA292D1616177508001C1F9B /* Duke CPR App-Info.plist */ = {isa = PBXFileReference; lastKnownFileType = text.plist.xml; path = "Duke CPR App-Info.plist"; sourceTree = "<group>"; };
		FA292D1816177508001C1F9B /* en */ = {isa = PBXFileReference; lastKnownFileType = text.plist.strings; name = en; path = en.lproj/InfoPlist.strings; sourceTree = "<group>"; };
		FA292D1A16177508001C1F9B /* main.m */ = {isa = PBXFileReference; lastKnownFileType = sourcecode.c.objc; path = main.m; sourceTree = "<group>"; };
		FA292D1C16177508001C1F9B /* Duke CPR App-Prefix.pch */ = {isa = PBXFileReference; lastKnownFileType = sourcecode.c.h; path = "Duke CPR App-Prefix.pch"; sourceTree = "<group>"; };
		FA292D1D16177508001C1F9B /* AppDelegate.h */ = {isa = PBXFileReference; lastKnownFileType = sourcecode.c.h; path = AppDelegate.h; sourceTree = "<group>"; };
		FA292D1E16177508001C1F9B /* AppDelegate.m */ = {isa = PBXFileReference; lastKnownFileType = sourcecode.c.objc; path = AppDelegate.m; sourceTree = "<group>"; };
		FA292D2016177508001C1F9B /* Default.png */ = {isa = PBXFileReference; lastKnownFileType = image.png; path = Default.png; sourceTree = "<group>"; };
		FA292D2216177508001C1F9B /* Default@2x.png */ = {isa = PBXFileReference; lastKnownFileType = image.png; path = "Default@2x.png"; sourceTree = "<group>"; };
		FA292D2416177508001C1F9B /* Default-568h@2x.png */ = {isa = PBXFileReference; lastKnownFileType = image.png; path = "Default-568h@2x.png"; sourceTree = "<group>"; };
		FA292D2716177508001C1F9B /* en */ = {isa = PBXFileReference; lastKnownFileType = file.storyboard; name = en; path = en.lproj/MainStoryboard.storyboard; sourceTree = "<group>"; };
		FA292D2916177508001C1F9B /* AdditionalDataViewController.h */ = {isa = PBXFileReference; lastKnownFileType = sourcecode.c.h; path = AdditionalDataViewController.h; sourceTree = "<group>"; };
		FA292D2A16177508001C1F9B /* AdditionalDataViewController.m */ = {isa = PBXFileReference; lastKnownFileType = sourcecode.c.objc; path = AdditionalDataViewController.m; sourceTree = "<group>"; };
		FA292D31161776B7001C1F9B /* HomeViewController.h */ = {isa = PBXFileReference; fileEncoding = 4; lastKnownFileType = sourcecode.c.h; path = HomeViewController.h; sourceTree = "<group>"; };
		FA292D32161776B7001C1F9B /* HomeViewController.m */ = {isa = PBXFileReference; fileEncoding = 4; lastKnownFileType = sourcecode.c.objc; path = HomeViewController.m; sourceTree = "<group>"; };
		FA411E3E163C805A0062F0E9 /* WebsiteViewController.h */ = {isa = PBXFileReference; fileEncoding = 4; lastKnownFileType = sourcecode.c.h; path = WebsiteViewController.h; sourceTree = "<group>"; };
		FA411E3F163C805A0062F0E9 /* WebsiteViewController.m */ = {isa = PBXFileReference; fileEncoding = 4; lastKnownFileType = sourcecode.c.objc; path = WebsiteViewController.m; sourceTree = "<group>"; };
		FA8B060F163C8DC800E12EFD /* VideoPlayerViewController.h */ = {isa = PBXFileReference; fileEncoding = 4; lastKnownFileType = sourcecode.c.h; path = VideoPlayerViewController.h; sourceTree = "<group>"; };
		FA8B0610163C8DC800E12EFD /* VideoPlayerViewController.m */ = {isa = PBXFileReference; fileEncoding = 4; lastKnownFileType = sourcecode.c.objc; path = VideoPlayerViewController.m; sourceTree = "<group>"; };
		FA8B0615163C90F700E12EFD /* duke-logo.png */ = {isa = PBXFileReference; lastKnownFileType = image.png; path = "duke-logo.png"; sourceTree = "<group>"; };
		FA8B0617163C910500E12EFD /* duke-logo.png */ = {isa = PBXFileReference; lastKnownFileType = image.png; path = "duke-logo.png"; sourceTree = "<group>"; };
		FA8B0619163C914000E12EFD /* duke-logo-retina.png */ = {isa = PBXFileReference; lastKnownFileType = image.png; path = "duke-logo-retina.png"; sourceTree = "<group>"; };
		FA8B061B163C914600E12EFD /* duke-logo-retina.png */ = {isa = PBXFileReference; lastKnownFileType = image.png; path = "duke-logo-retina.png"; sourceTree = "<group>"; };
		FA8B061D163C916B00E12EFD /* Default.png */ = {isa = PBXFileReference; lastKnownFileType = image.png; path = Default.png; sourceTree = "<group>"; };
		FA8B061F163C918100E12EFD /* Default@2x.png */ = {isa = PBXFileReference; lastKnownFileType = image.png; path = "Default@2x.png"; sourceTree = "<group>"; };
		FA8B0621163C918900E12EFD /* Default-568h@2x.png */ = {isa = PBXFileReference; lastKnownFileType = image.png; path = "Default-568h@2x.png"; sourceTree = "<group>"; };
		FA8B0623163C921D00E12EFD /* abstract-blue-background.jpg */ = {isa = PBXFileReference; lastKnownFileType = image.jpeg; path = "abstract-blue-background.jpg"; sourceTree = "<group>"; };
		FA8B062B163C93EC00E12EFD /* 3d-blue-fractal_422_1417.jpg */ = {isa = PBXFileReference; lastKnownFileType = image.jpeg; path = "3d-blue-fractal_422_1417.jpg"; sourceTree = "<group>"; };
		FA95578416177B14002BBEAC /* Duke.logo.jpeg */ = {isa = PBXFileReference; lastKnownFileType = image.jpeg; path = Duke.logo.jpeg; sourceTree = "<group>"; };
		FA95578516177B14002BBEAC /* duke_blue.png */ = {isa = PBXFileReference; lastKnownFileType = image.png; path = duke_blue.png; sourceTree = "<group>"; };
		FA955789161784D2002BBEAC /* CrisisStageOneViewController.h */ = {isa = PBXFileReference; fileEncoding = 4; lastKnownFileType = sourcecode.c.h; path = CrisisStageOneViewController.h; sourceTree = "<group>"; };
		FA95578A161784D2002BBEAC /* CrisisStageOneViewController.m */ = {isa = PBXFileReference; fileEncoding = 4; lastKnownFileType = sourcecode.c.objc; path = CrisisStageOneViewController.m; sourceTree = "<group>"; };
		FA95578C16178F68002BBEAC /* GenericViewController.h */ = {isa = PBXFileReference; fileEncoding = 4; lastKnownFileType = sourcecode.c.h; path = GenericViewController.h; sourceTree = "<group>"; };
		FA95578D16178F69002BBEAC /* GenericViewController.m */ = {isa = PBXFileReference; fileEncoding = 4; lastKnownFileType = sourcecode.c.objc; path = GenericViewController.m; sourceTree = "<group>"; };
		FA95578F1617918C002BBEAC /* CrisisStageTwoViewController.h */ = {isa = PBXFileReference; fileEncoding = 4; lastKnownFileType = sourcecode.c.h; path = CrisisStageTwoViewController.h; sourceTree = "<group>"; };
		FA9557901617918C002BBEAC /* CrisisStageTwoViewController.m */ = {isa = PBXFileReference; fileEncoding = 4; lastKnownFileType = sourcecode.c.objc; path = CrisisStageTwoViewController.m; sourceTree = "<group>"; };
		FA95579216179B5F002BBEAC /* CrisisStageThreeViewController.h */ = {isa = PBXFileReference; fileEncoding = 4; lastKnownFileType = sourcecode.c.h; path = CrisisStageThreeViewController.h; sourceTree = "<group>"; };
		FA95579316179B5F002BBEAC /* CrisisStageThreeViewController.m */ = {isa = PBXFileReference; fileEncoding = 4; lastKnownFileType = sourcecode.c.objc; path = CrisisStageThreeViewController.m; sourceTree = "<group>"; };
		FA95579516179BD9002BBEAC /* CrisisStageFourViewController.h */ = {isa = PBXFileReference; fileEncoding = 4; lastKnownFileType = sourcecode.c.h; path = CrisisStageFourViewController.h; sourceTree = "<group>"; };
		FA95579616179BD9002BBEAC /* CrisisStageFourViewController.m */ = {isa = PBXFileReference; fileEncoding = 4; lastKnownFileType = sourcecode.c.objc; path = CrisisStageFourViewController.m; sourceTree = "<group>"; };
		FA95579B16179E16002BBEAC /* CrisisStageFiveViewController.h */ = {isa = PBXFileReference; fileEncoding = 4; lastKnownFileType = sourcecode.c.h; path = CrisisStageFiveViewController.h; sourceTree = "<group>"; };
		FA95579C16179E16002BBEAC /* CrisisStageFiveViewController.m */ = {isa = PBXFileReference; fileEncoding = 4; lastKnownFileType = sourcecode.c.objc; path = CrisisStageFiveViewController.m; sourceTree = "<group>"; };
		FA95579E16179E39002BBEAC /* CrisisStageSixViewController.h */ = {isa = PBXFileReference; fileEncoding = 4; lastKnownFileType = sourcecode.c.h; path = CrisisStageSixViewController.h; sourceTree = "<group>"; };
		FA95579F16179E39002BBEAC /* CrisisStageSixViewController.m */ = {isa = PBXFileReference; fileEncoding = 4; lastKnownFileType = sourcecode.c.objc; path = CrisisStageSixViewController.m; sourceTree = "<group>"; };
		FA9557A21617AF15002BBEAC /* QuartzCore.framework */ = {isa = PBXFileReference; lastKnownFileType = wrapper.framework; name = QuartzCore.framework; path = System/Library/Frameworks/QuartzCore.framework; sourceTree = SDKROOT; };
		FA97ACDD1653D8030035405A /* TrainingModeStep1ViewController.h */ = {isa = PBXFileReference; fileEncoding = 4; lastKnownFileType = sourcecode.c.h; path = TrainingModeStep1ViewController.h; sourceTree = "<group>"; };
		FA97ACDE1653D8030035405A /* TrainingModeStep1ViewController.m */ = {isa = PBXFileReference; fileEncoding = 4; lastKnownFileType = sourcecode.c.objc; path = TrainingModeStep1ViewController.m; sourceTree = "<group>"; };
		FA97ACE01653D8210035405A /* TrainingModeStep2ViewController.h */ = {isa = PBXFileReference; fileEncoding = 4; lastKnownFileType = sourcecode.c.h; path = TrainingModeStep2ViewController.h; sourceTree = "<group>"; };
		FA97ACE11653D8210035405A /* TrainingModeStep2ViewController.m */ = {isa = PBXFileReference; fileEncoding = 4; lastKnownFileType = sourcecode.c.objc; path = TrainingModeStep2ViewController.m; sourceTree = "<group>"; };
		FA97ACE31653D8330035405A /* TrainingModeStep3ViewController.h */ = {isa = PBXFileReference; fileEncoding = 4; lastKnownFileType = sourcecode.c.h; path = TrainingModeStep3ViewController.h; sourceTree = "<group>"; };
		FA97ACE41653D8330035405A /* TrainingModeStep3ViewController.m */ = {isa = PBXFileReference; fileEncoding = 4; lastKnownFileType = sourcecode.c.objc; path = TrainingModeStep3ViewController.m; sourceTree = "<group>"; };
		FA97ACE61653D8470035405A /* TrainingModeStep4ViewController.h */ = {isa = PBXFileReference; fileEncoding = 4; lastKnownFileType = sourcecode.c.h; path = TrainingModeStep4ViewController.h; sourceTree = "<group>"; };
		FA97ACE71653D8470035405A /* TrainingModeStep4ViewController.m */ = {isa = PBXFileReference; fileEncoding = 4; lastKnownFileType = sourcecode.c.objc; path = TrainingModeStep4ViewController.m; sourceTree = "<group>"; };
		FA97ACE91653D8560035405A /* TrainingModeStep5ViewController.h */ = {isa = PBXFileReference; fileEncoding = 4; lastKnownFileType = sourcecode.c.h; path = TrainingModeStep5ViewController.h; sourceTree = "<group>"; };
		FA97ACEA1653D8560035405A /* TrainingModeStep5ViewController.m */ = {isa = PBXFileReference; fileEncoding = 4; lastKnownFileType = sourcecode.c.objc; path = TrainingModeStep5ViewController.m; sourceTree = "<group>"; };
		FA97ACEC1653D8660035405A /* TrainingModeStep6ViewController.h */ = {isa = PBXFileReference; fileEncoding = 4; lastKnownFileType = sourcecode.c.h; path = TrainingModeStep6ViewController.h; sourceTree = "<group>"; };
		FA97ACED1653D8660035405A /* TrainingModeStep6ViewController.m */ = {isa = PBXFileReference; fileEncoding = 4; lastKnownFileType = sourcecode.c.objc; path = TrainingModeStep6ViewController.m; sourceTree = "<group>"; };
		FAA906FE162F333700602572 /* AED.jpeg */ = {isa = PBXFileReference; lastKnownFileType = image.jpeg; path = AED.jpeg; sourceTree = "<group>"; };
		FAA90701162F387100602572 /* BLS-Check-for-response.jpeg */ = {isa = PBXFileReference; lastKnownFileType = image.jpeg; path = "BLS-Check-for-response.jpeg"; sourceTree = "<group>"; };
		FAA90703162F3B7500602572 /* large_car-accident.jpeg */ = {isa = PBXFileReference; lastKnownFileType = image.jpeg; path = "large_car-accident.jpeg"; sourceTree = "<group>"; };
		FAA90705162F3CC400602572 /* Handtochestoverheart.jpeg */ = {isa = PBXFileReference; lastKnownFileType = image.jpeg; path = Handtochestoverheart.jpeg; sourceTree = "<group>"; };
		FAF8E241162F426500996B71 /* funny_cartoon_zombie1.jpeg */ = {isa = PBXFileReference; lastKnownFileType = image.jpeg; path = funny_cartoon_zombie1.jpeg; sourceTree = "<group>"; };
/* End PBXFileReference section */

/* Begin PBXFrameworksBuildPhase section */
		FA292D0716177508001C1F9B /* Frameworks */ = {
			isa = PBXFrameworksBuildPhase;
			buildActionMask = 2147483647;
			files = (
				49047A68162F04320056E82F /* AVFoundation.framework in Frameworks */,
				49047A66162F01540056E82F /* MediaPlayer.framework in Frameworks */,
				FA9557A31617AF15002BBEAC /* QuartzCore.framework in Frameworks */,
				FA292D0F16177508001C1F9B /* UIKit.framework in Frameworks */,
				FA292D1116177508001C1F9B /* Foundation.framework in Frameworks */,
				FA292D1316177508001C1F9B /* CoreGraphics.framework in Frameworks */,
			);
			runOnlyForDeploymentPostprocessing = 0;
		};
/* End PBXFrameworksBuildPhase section */

/* Begin PBXGroup section */
		49047A61162F00740056E82F /* Media */ = {
			isa = PBXGroup;
			children = (
				4965E6F816543DD6007DFFEE /* TrainingModeStep5Video.mov */,
				4965E6F916543DD6007DFFEE /* TrainingModeStep1Video.mov */,
				4965E6FA16543DD6007DFFEE /* TrainingModeStep4Video.mov */,
				4965E6FB16543DD6007DFFEE /* TrainingModeStep2Video.mov */,
				4965E6FC16543DD6007DFFEE /* TrainingModeStep3Video.mov */,
				FA8B062B163C93EC00E12EFD /* 3d-blue-fractal_422_1417.jpg */,
				FA8B0623163C921D00E12EFD /* abstract-blue-background.jpg */,
				FA8B0619163C914000E12EFD /* duke-logo-retina.png */,
				FA8B0615163C90F700E12EFD /* duke-logo.png */,
				49E3ADCD162F45EC001CA109 /* Ken-Jeong-Video.mov */,
				FAF8E241162F426500996B71 /* funny_cartoon_zombie1.jpeg */,
				FAA90705162F3CC400602572 /* Handtochestoverheart.jpeg */,
				FAA90703162F3B7500602572 /* large_car-accident.jpeg */,
				FAA90701162F387100602572 /* BLS-Check-for-response.jpeg */,
				FA95578516177B14002BBEAC /* duke_blue.png */,
				FA95578416177B14002BBEAC /* Duke.logo.jpeg */,
				49782C87161F78DA0086933D /* Duke_Hospital_Logo.png */,
				FAA906FE162F333700602572 /* AED.jpeg */,
				49047A63162F00940056E82F /* CPR Instruction Video.mov */,
				4934FBC4162F39C000A61309 /* StageOneVoiceCommands.mp3 */,
				4934FBC6162F3A9800A61309 /* StageTwoVoiceCommands.mp3 */,
				4934FBC7162F3A9800A61309 /* StageThreeVoiceCommands.mp3 */,
				4934FBC8162F3A9800A61309 /* StageFourVoiceCommands.mp3 */,
				4934FBC9162F3A9800A61309 /* StageFiveVoiceCommands.mp3 */,
				4934FBCA162F3A9800A61309 /* StageSixVoiceCommands.mp3 */,
			);
			name = Media;
			sourceTree = "<group>";
		};
		FA292CFF16177508001C1F9B = {
			isa = PBXGroup;
			children = (
				FA8B0621163C918900E12EFD /* Default-568h@2x.png */,
				FA8B061F163C918100E12EFD /* Default@2x.png */,
				FA8B061D163C916B00E12EFD /* Default.png */,
				FA8B061B163C914600E12EFD /* duke-logo-retina.png */,
				FA8B0617163C910500E12EFD /* duke-logo.png */,
				49047A67162F04320056E82F /* AVFoundation.framework */,
				49047A65162F01540056E82F /* MediaPlayer.framework */,
				FA9557A21617AF15002BBEAC /* QuartzCore.framework */,
				FA292D1416177508001C1F9B /* Duke CPR App */,
				FA292D0D16177508001C1F9B /* Frameworks */,
				FA292D0B16177508001C1F9B /* Products */,
			);
			sourceTree = "<group>";
		};
		FA292D0B16177508001C1F9B /* Products */ = {
			isa = PBXGroup;
			children = (
				FA292D0A16177508001C1F9B /* Compression-Only CPR.app */,
			);
			name = Products;
			sourceTree = "<group>";
		};
		FA292D0D16177508001C1F9B /* Frameworks */ = {
			isa = PBXGroup;
			children = (
				FA292D0E16177508001C1F9B /* UIKit.framework */,
				FA292D1016177508001C1F9B /* Foundation.framework */,
				FA292D1216177508001C1F9B /* CoreGraphics.framework */,
			);
			name = Frameworks;
			sourceTree = "<group>";
		};
		FA292D1416177508001C1F9B /* Duke CPR App */ = {
			isa = PBXGroup;
			children = (
				49047A61162F00740056E82F /* Media */,
				FA292D1D16177508001C1F9B /* AppDelegate.h */,
				FA292D1E16177508001C1F9B /* AppDelegate.m */,
				FA97ACDB1653D7A60035405A /* TrainingMode */,
				FA95578C16178F68002BBEAC /* GenericViewController.h */,
				FA95578D16178F69002BBEAC /* GenericViewController.m */,
				FA9557A11617A1A3002BBEAC /* CrisisMode */,
				FA292D31161776B7001C1F9B /* HomeViewController.h */,
				FA292D32161776B7001C1F9B /* HomeViewController.m */,
				FA292D2616177508001C1F9B /* MainStoryboard.storyboard */,
				FA292D1516177508001C1F9B /* Supporting Files */,
				FA292D2916177508001C1F9B /* AdditionalDataViewController.h */,
				FA292D2A16177508001C1F9B /* AdditionalDataViewController.m */,
				FA8B060F163C8DC800E12EFD /* VideoPlayerViewController.h */,
				FA8B0610163C8DC800E12EFD /* VideoPlayerViewController.m */,
				4934FBBD162F108000A61309 /* CrisisModeViewController.h */,
				4934FBBE162F108000A61309 /* CrisisModeViewController.m */,
				FA411E3E163C805A0062F0E9 /* WebsiteViewController.h */,
				FA411E3F163C805A0062F0E9 /* WebsiteViewController.m */,
			);
			path = "Duke CPR App";
			sourceTree = "<group>";
		};
		FA292D1516177508001C1F9B /* Supporting Files */ = {
			isa = PBXGroup;
			children = (
				FA292D1616177508001C1F9B /* Duke CPR App-Info.plist */,
				FA292D1716177508001C1F9B /* InfoPlist.strings */,
				FA292D1A16177508001C1F9B /* main.m */,
				FA292D1C16177508001C1F9B /* Duke CPR App-Prefix.pch */,
				FA292D2016177508001C1F9B /* Default.png */,
				FA292D2216177508001C1F9B /* Default@2x.png */,
				FA292D2416177508001C1F9B /* Default-568h@2x.png */,
			);
			name = "Supporting Files";
			sourceTree = "<group>";
		};
		FA9557A11617A1A3002BBEAC /* CrisisMode */ = {
			isa = PBXGroup;
			children = (
				FA95579516179BD9002BBEAC /* CrisisStageFourViewController.h */,
				FA95579616179BD9002BBEAC /* CrisisStageFourViewController.m */,
				FA955789161784D2002BBEAC /* CrisisStageOneViewController.h */,
				FA95578A161784D2002BBEAC /* CrisisStageOneViewController.m */,
				FA95579E16179E39002BBEAC /* CrisisStageSixViewController.h */,
				FA95579F16179E39002BBEAC /* CrisisStageSixViewController.m */,
				FA95579B16179E16002BBEAC /* CrisisStageFiveViewController.h */,
				FA95579C16179E16002BBEAC /* CrisisStageFiveViewController.m */,
				FA95579216179B5F002BBEAC /* CrisisStageThreeViewController.h */,
				FA95579316179B5F002BBEAC /* CrisisStageThreeViewController.m */,
				FA95578F1617918C002BBEAC /* CrisisStageTwoViewController.h */,
				FA9557901617918C002BBEAC /* CrisisStageTwoViewController.m */,
			);
			name = CrisisMode;
			sourceTree = "<group>";
		};
		FA97ACDB1653D7A60035405A /* TrainingMode */ = {
			isa = PBXGroup;
			children = (
				FA97ACDD1653D8030035405A /* TrainingModeStep1ViewController.h */,
				FA97ACDE1653D8030035405A /* TrainingModeStep1ViewController.m */,
				FA97ACE01653D8210035405A /* TrainingModeStep2ViewController.h */,
				FA97ACE11653D8210035405A /* TrainingModeStep2ViewController.m */,
				FA97ACE31653D8330035405A /* TrainingModeStep3ViewController.h */,
				FA97ACE41653D8330035405A /* TrainingModeStep3ViewController.m */,
				FA97ACE61653D8470035405A /* TrainingModeStep4ViewController.h */,
				FA97ACE71653D8470035405A /* TrainingModeStep4ViewController.m */,
				FA97ACE91653D8560035405A /* TrainingModeStep5ViewController.h */,
				FA97ACEA1653D8560035405A /* TrainingModeStep5ViewController.m */,
				FA97ACEC1653D8660035405A /* TrainingModeStep6ViewController.h */,
				FA97ACED1653D8660035405A /* TrainingModeStep6ViewController.m */,
				4965E6F516543CE0007DFFEE /* TrainingModeViewController.h */,
				4965E6F616543CE0007DFFEE /* TrainingModeViewController.m */,
			);
			name = TrainingMode;
			sourceTree = "<group>";
		};
/* End PBXGroup section */

/* Begin PBXNativeTarget section */
		FA292D0916177508001C1F9B /* Duke CPR App */ = {
			isa = PBXNativeTarget;
			buildConfigurationList = FA292D2E16177508001C1F9B /* Build configuration list for PBXNativeTarget "Duke CPR App" */;
			buildPhases = (
				FA292D0616177508001C1F9B /* Sources */,
				FA292D0716177508001C1F9B /* Frameworks */,
				FA292D0816177508001C1F9B /* Resources */,
			);
			buildRules = (
			);
			dependencies = (
			);
			name = "Duke CPR App";
			productName = "Duke CPR App";
			productReference = FA292D0A16177508001C1F9B /* Compression-Only CPR.app */;
			productType = "com.apple.product-type.application";
		};
/* End PBXNativeTarget section */

/* Begin PBXProject section */
		FA292D0116177508001C1F9B /* Project object */ = {
			isa = PBXProject;
			attributes = {
				LastUpgradeCheck = 0450;
				ORGANIZATIONNAME = "Alexander Bruce";
			};
			buildConfigurationList = FA292D0416177508001C1F9B /* Build configuration list for PBXProject "Duke CPR App" */;
			compatibilityVersion = "Xcode 3.2";
			developmentRegion = English;
			hasScannedForEncodings = 0;
			knownRegions = (
				en,
			);
			mainGroup = FA292CFF16177508001C1F9B;
			productRefGroup = FA292D0B16177508001C1F9B /* Products */;
			projectDirPath = "";
			projectRoot = "";
			targets = (
				FA292D0916177508001C1F9B /* Duke CPR App */,
			);
		};
/* End PBXProject section */

/* Begin PBXResourcesBuildPhase section */
		FA292D0816177508001C1F9B /* Resources */ = {
			isa = PBXResourcesBuildPhase;
			buildActionMask = 2147483647;
			files = (
				FAF8E23A162F413A00996B71 /* StageOneVoiceCommands.mp3 in Resources */,
				FAF8E23B162F413A00996B71 /* StageTwoVoiceCommands.mp3 in Resources */,
				FAF8E23C162F413A00996B71 /* StageThreeVoiceCommands.mp3 in Resources */,
				FAF8E23D162F413A00996B71 /* StageFourVoiceCommands.mp3 in Resources */,
				FAF8E23E162F413A00996B71 /* StageFiveVoiceCommands.mp3 in Resources */,
				FAF8E23F162F413A00996B71 /* StageSixVoiceCommands.mp3 in Resources */,
				FA292D1916177508001C1F9B /* InfoPlist.strings in Resources */,
				FA292D2116177508001C1F9B /* Default.png in Resources */,
				FA292D2316177508001C1F9B /* Default@2x.png in Resources */,
				FA292D2516177508001C1F9B /* Default-568h@2x.png in Resources */,
				FA292D2816177508001C1F9B /* MainStoryboard.storyboard in Resources */,
				FA95578616177B14002BBEAC /* Duke.logo.jpeg in Resources */,
				FA95578716177B14002BBEAC /* duke_blue.png in Resources */,
				49782C88161F78DA0086933D /* Duke_Hospital_Logo.png in Resources */,
				49047A64162F00940056E82F /* CPR Instruction Video.mov in Resources */,
				FAA906FF162F333700602572 /* AED.jpeg in Resources */,
				FAA90702162F387100602572 /* BLS-Check-for-response.jpeg in Resources */,
				FAA90704162F3B7500602572 /* large_car-accident.jpeg in Resources */,
				FAA90706162F3CC400602572 /* Handtochestoverheart.jpeg in Resources */,
				FAF8E242162F426500996B71 /* funny_cartoon_zombie1.jpeg in Resources */,
				49E3ADCE162F45EC001CA109 /* Ken-Jeong-Video.mov in Resources */,
				FA8B0616163C90F700E12EFD /* duke-logo.png in Resources */,
				FA8B0618163C910500E12EFD /* duke-logo.png in Resources */,
				FA8B061A163C914000E12EFD /* duke-logo-retina.png in Resources */,
				FA8B061C163C914600E12EFD /* duke-logo-retina.png in Resources */,
				FA8B061E163C916B00E12EFD /* Default.png in Resources */,
				FA8B0620163C918100E12EFD /* Default@2x.png in Resources */,
				FA8B0622163C918900E12EFD /* Default-568h@2x.png in Resources */,
				FA8B0624163C921D00E12EFD /* abstract-blue-background.jpg in Resources */,
				FA8B062C163C93EC00E12EFD /* 3d-blue-fractal_422_1417.jpg in Resources */,
				4965E6FD16543DD6007DFFEE /* TrainingModeStep5Video.mov in Resources */,
				4965E6FE16543DD6007DFFEE /* TrainingModeStep1Video.mov in Resources */,
				4965E6FF16543DD6007DFFEE /* TrainingModeStep4Video.mov in Resources */,
				4965E70016543DD6007DFFEE /* TrainingModeStep2Video.mov in Resources */,
				4965E70116543DD6007DFFEE /* TrainingModeStep3Video.mov in Resources */,
			);
			runOnlyForDeploymentPostprocessing = 0;
		};
/* End PBXResourcesBuildPhase section */

/* Begin PBXSourcesBuildPhase section */
		FA292D0616177508001C1F9B /* Sources */ = {
			isa = PBXSourcesBuildPhase;
			buildActionMask = 2147483647;
			files = (
				FA292D1B16177508001C1F9B /* main.m in Sources */,
				FA292D1F16177508001C1F9B /* AppDelegate.m in Sources */,
				FA292D2B16177508001C1F9B /* AdditionalDataViewController.m in Sources */,
				FA292D33161776B7001C1F9B /* HomeViewController.m in Sources */,
				FA95578B161784D2002BBEAC /* CrisisStageOneViewController.m in Sources */,
				FA95578E16178F69002BBEAC /* GenericViewController.m in Sources */,
				FA9557911617918C002BBEAC /* CrisisStageTwoViewController.m in Sources */,
				FA95579416179B5F002BBEAC /* CrisisStageThreeViewController.m in Sources */,
				FA95579716179BD9002BBEAC /* CrisisStageFourViewController.m in Sources */,
				FA95579D16179E16002BBEAC /* CrisisStageFiveViewController.m in Sources */,
				FA9557A016179E3A002BBEAC /* CrisisStageSixViewController.m in Sources */,
				4934FBBF162F108000A61309 /* CrisisModeViewController.m in Sources */,
				FA411E40163C805A0062F0E9 /* WebsiteViewController.m in Sources */,
				FA8B0611163C8DC800E12EFD /* VideoPlayerViewController.m in Sources */,
				FA97ACDF1653D8030035405A /* TrainingModeStep1ViewController.m in Sources */,
				FA97ACE21653D8210035405A /* TrainingModeStep2ViewController.m in Sources */,
				FA97ACE51653D8330035405A /* TrainingModeStep3ViewController.m in Sources */,
				FA97ACE81653D8470035405A /* TrainingModeStep4ViewController.m in Sources */,
				FA97ACEB1653D8560035405A /* TrainingModeStep5ViewController.m in Sources */,
				FA97ACEE1653D8660035405A /* TrainingModeStep6ViewController.m in Sources */,
				4965E6F716543CE0007DFFEE /* TrainingModeViewController.m in Sources */,
			);
			runOnlyForDeploymentPostprocessing = 0;
		};
/* End PBXSourcesBuildPhase section */

/* Begin PBXVariantGroup section */
		FA292D1716177508001C1F9B /* InfoPlist.strings */ = {
			isa = PBXVariantGroup;
			children = (
				FA292D1816177508001C1F9B /* en */,
			);
			name = InfoPlist.strings;
			sourceTree = "<group>";
		};
		FA292D2616177508001C1F9B /* MainStoryboard.storyboard */ = {
			isa = PBXVariantGroup;
			children = (
				FA292D2716177508001C1F9B /* en */,
			);
			name = MainStoryboard.storyboard;
			sourceTree = "<group>";
		};
/* End PBXVariantGroup section */

/* Begin XCBuildConfiguration section */
		FA292D2C16177508001C1F9B /* Debug */ = {
			isa = XCBuildConfiguration;
			buildSettings = {
				ALWAYS_SEARCH_USER_PATHS = NO;
				CLANG_CXX_LANGUAGE_STANDARD = "gnu++0x";
				CLANG_CXX_LIBRARY = "libc++";
				CLANG_ENABLE_OBJC_ARC = YES;
				CLANG_WARN_EMPTY_BODY = YES;
				CLANG_WARN__DUPLICATE_METHOD_MATCH = YES;
				"CODE_SIGN_IDENTITY[sdk=iphoneos*]" = "iPhone Developer";
				COPY_PHASE_STRIP = NO;
				GCC_C_LANGUAGE_STANDARD = gnu99;
				GCC_DYNAMIC_NO_PIC = NO;
				GCC_OPTIMIZATION_LEVEL = 0;
				GCC_PREPROCESSOR_DEFINITIONS = (
					"DEBUG=1",
					"$(inherited)",
				);
				GCC_SYMBOLS_PRIVATE_EXTERN = NO;
				GCC_WARN_ABOUT_RETURN_TYPE = YES;
				GCC_WARN_UNINITIALIZED_AUTOS = YES;
				GCC_WARN_UNUSED_VARIABLE = YES;
				IPHONEOS_DEPLOYMENT_TARGET = 5.0;
				PRODUCT_NAME = "Duke Compression Only CPR";
				SDKROOT = iphoneos;
			};
			name = Debug;
		};
		FA292D2D16177508001C1F9B /* Release */ = {
			isa = XCBuildConfiguration;
			buildSettings = {
				ALWAYS_SEARCH_USER_PATHS = NO;
				CLANG_CXX_LANGUAGE_STANDARD = "gnu++0x";
				CLANG_CXX_LIBRARY = "libc++";
				CLANG_ENABLE_OBJC_ARC = YES;
				CLANG_WARN_EMPTY_BODY = YES;
				CLANG_WARN__DUPLICATE_METHOD_MATCH = YES;
				"CODE_SIGN_IDENTITY[sdk=iphoneos*]" = "iPhone Developer";
				COPY_PHASE_STRIP = YES;
				GCC_C_LANGUAGE_STANDARD = gnu99;
				GCC_WARN_ABOUT_RETURN_TYPE = YES;
				GCC_WARN_UNINITIALIZED_AUTOS = YES;
				GCC_WARN_UNUSED_VARIABLE = YES;
				IPHONEOS_DEPLOYMENT_TARGET = 5.0;
				OTHER_CFLAGS = "-DNS_BLOCK_ASSERTIONS=1";
				PRODUCT_NAME = "Duke Compression Only CPR";
				SDKROOT = iphoneos;
				VALIDATE_PRODUCT = YES;
			};
			name = Release;
		};
		FA292D2F16177508001C1F9B /* Debug */ = {
			isa = XCBuildConfiguration;
			buildSettings = {
				GCC_PRECOMPILE_PREFIX_HEADER = YES;
				GCC_PREFIX_HEADER = "Duke CPR App/Duke CPR App-Prefix.pch";
				INFOPLIST_FILE = "Duke CPR App/Duke CPR App-Info.plist";
				IPHONEOS_DEPLOYMENT_TARGET = 5.0;
				PRODUCT_NAME = "Compression-Only CPR";
				WRAPPER_EXTENSION = app;
			};
			name = Debug;
		};
		FA292D3016177508001C1F9B /* Release */ = {
			isa = XCBuildConfiguration;
			buildSettings = {
				GCC_PRECOMPILE_PREFIX_HEADER = YES;
				GCC_PREFIX_HEADER = "Duke CPR App/Duke CPR App-Prefix.pch";
				INFOPLIST_FILE = "Duke CPR App/Duke CPR App-Info.plist";
				IPHONEOS_DEPLOYMENT_TARGET = 5.0;
				PRODUCT_NAME = "Compression-Only CPR";
				WRAPPER_EXTENSION = app;
			};
			name = Release;
		};
/* End XCBuildConfiguration section */

/* Begin XCConfigurationList section */
		FA292D0416177508001C1F9B /* Build configuration list for PBXProject "Duke CPR App" */ = {
			isa = XCConfigurationList;
			buildConfigurations = (
				FA292D2C16177508001C1F9B /* Debug */,
				FA292D2D16177508001C1F9B /* Release */,
			);
			defaultConfigurationIsVisible = 0;
			defaultConfigurationName = Release;
		};
		FA292D2E16177508001C1F9B /* Build configuration list for PBXNativeTarget "Duke CPR App" */ = {
			isa = XCConfigurationList;
			buildConfigurations = (
				FA292D2F16177508001C1F9B /* Debug */,
				FA292D3016177508001C1F9B /* Release */,
			);
			defaultConfigurationIsVisible = 0;
			defaultConfigurationName = Release;
		};
/* End XCConfigurationList section */
	};
	rootObject = FA292D0116177508001C1F9B /* Project object */;
}
